
Microsoft Visual Studio Solution File, Format Version 12.00
# Visual Studio 14
VisualStudioVersion = 14.0.25420.1
MinimumVisualStudioVersion = 10.0.40219.1
Project("{FAE04EC0-301F-11D3-BF4B-00C04F79EFBC}") = "TestGit.Droid", "TestGit\TestGit.Droid\TestGit.Droid.csproj", "{D23819FB-AACC-4B2D-BA75-B0A39D776C43}"
EndProject
Project("{FAE04EC0-301F-11D3-BF4B-00C04F79EFBC}") = "TestGit.iOS", "TestGit\TestGit.iOS\TestGit.iOS.csproj", "{325E72E2-E06A-49C6-885B-310E504AE006}"
EndProject
Project("{FAE04EC0-301F-11D3-BF4B-00C04F79EFBC}") = "TestGit.WinPhone", "TestGit\TestGit.WinPhone\TestGit.WinPhone.csproj", "{7FB50389-8846-4392-A8C3-C4DDA901DC51}"
EndProject
Project("{FAE04EC0-301F-11D3-BF4B-00C04F79EFBC}") = "TestGit.UWP", "TestGit\TestGit.UWP\TestGit.UWP.csproj", "{00063B56-7FCB-48E6-A962-439247C209B4}"
EndProject
Project("{FAE04EC0-301F-11D3-BF4B-00C04F79EFBC}") = "TestGit.Windows", "TestGit\TestGit.Windows\TestGit.Windows.csproj", "{183402CF-6F16-4942-8CBA-9676DE9DC719}"
EndProject
Project("{FAE04EC0-301F-11D3-BF4B-00C04F79EFBC}") = "TestGit", "TestGit\TestGit\TestGit.csproj", "{4E8C5134-9DCE-4D2F-A71B-47989A477071}"
EndProject
Global
	GlobalSection(SolutionConfigurationPlatforms) = preSolution
		Ad-Hoc|Any CPU = Ad-Hoc|Any CPU
		Ad-Hoc|ARM = Ad-Hoc|ARM
		Ad-Hoc|iPhone = Ad-Hoc|iPhone
		Ad-Hoc|iPhoneSimulator = Ad-Hoc|iPhoneSimulator
		Ad-Hoc|x64 = Ad-Hoc|x64
		Ad-Hoc|x86 = Ad-Hoc|x86
		AppStore|Any CPU = AppStore|Any CPU
		AppStore|ARM = AppStore|ARM
		AppStore|iPhone = AppStore|iPhone
		AppStore|iPhoneSimulator = AppStore|iPhoneSimulator
		AppStore|x64 = AppStore|x64
		AppStore|x86 = AppStore|x86
		Debug|Any CPU = Debug|Any CPU
		Debug|ARM = Debug|ARM
		Debug|iPhone = Debug|iPhone
		Debug|iPhoneSimulator = Debug|iPhoneSimulator
		Debug|x64 = Debug|x64
		Debug|x86 = Debug|x86
		Release|Any CPU = Release|Any CPU
		Release|ARM = Release|ARM
		Release|iPhone = Release|iPhone
		Release|iPhoneSimulator = Release|iPhoneSimulator
		Release|x64 = Release|x64
		Release|x86 = Release|x86
	EndGlobalSection
	GlobalSection(ProjectConfigurationPlatforms) = postSolution
		{D23819FB-AACC-4B2D-BA75-B0A39D776C43}.Ad-Hoc|Any CPU.ActiveCfg = Release|Any CPU
		{D23819FB-AACC-4B2D-BA75-B0A39D776C43}.Ad-Hoc|Any CPU.Build.0 = Release|Any CPU
		{D23819FB-AACC-4B2D-BA75-B0A39D776C43}.Ad-Hoc|Any CPU.Deploy.0 = Release|Any CPU
		{D23819FB-AACC-4B2D-BA75-B0A39D776C43}.Ad-Hoc|ARM.ActiveCfg = Release|Any CPU
		{D23819FB-AACC-4B2D-BA75-B0A39D776C43}.Ad-Hoc|ARM.Build.0 = Release|Any CPU
		{D23819FB-AACC-4B2D-BA75-B0A39D776C43}.Ad-Hoc|ARM.Deploy.0 = Release|Any CPU
		{D23819FB-AACC-4B2D-BA75-B0A39D776C43}.Ad-Hoc|iPhone.ActiveCfg = Release|Any CPU
		{D23819FB-AACC-4B2D-BA75-B0A39D776C43}.Ad-Hoc|iPhone.Build.0 = Release|Any CPU
		{D23819FB-AACC-4B2D-BA75-B0A39D776C43}.Ad-Hoc|iPhone.Deploy.0 = Release|Any CPU
		{D23819FB-AACC-4B2D-BA75-B0A39D776C43}.Ad-Hoc|iPhoneSimulator.ActiveCfg = Release|Any CPU
		{D23819FB-AACC-4B2D-BA75-B0A39D776C43}.Ad-Hoc|iPhoneSimulator.Build.0 = Release|Any CPU
		{D23819FB-AACC-4B2D-BA75-B0A39D776C43}.Ad-Hoc|iPhoneSimulator.Deploy.0 = Release|Any CPU
		{D23819FB-AACC-4B2D-BA75-B0A39D776C43}.Ad-Hoc|x64.ActiveCfg = Release|Any CPU
		{D23819FB-AACC-4B2D-BA75-B0A39D776C43}.Ad-Hoc|x64.Build.0 = Release|Any CPU
		{D23819FB-AACC-4B2D-BA75-B0A39D776C43}.Ad-Hoc|x64.Deploy.0 = Release|Any CPU
		{D23819FB-AACC-4B2D-BA75-B0A39D776C43}.Ad-Hoc|x86.ActiveCfg = Release|Any CPU
		{D23819FB-AACC-4B2D-BA75-B0A39D776C43}.Ad-Hoc|x86.Build.0 = Release|Any CPU
		{D23819FB-AACC-4B2D-BA75-B0A39D776C43}.Ad-Hoc|x86.Deploy.0 = Release|Any CPU
		{D23819FB-AACC-4B2D-BA75-B0A39D776C43}.AppStore|Any CPU.ActiveCfg = Release|Any CPU
		{D23819FB-AACC-4B2D-BA75-B0A39D776C43}.AppStore|Any CPU.Build.0 = Release|Any CPU
		{D23819FB-AACC-4B2D-BA75-B0A39D776C43}.AppStore|Any CPU.Deploy.0 = Release|Any CPU
		{D23819FB-AACC-4B2D-BA75-B0A39D776C43}.AppStore|ARM.ActiveCfg = Release|Any CPU
		{D23819FB-AACC-4B2D-BA75-B0A39D776C43}.AppStore|ARM.Build.0 = Release|Any CPU
		{D23819FB-AACC-4B2D-BA75-B0A39D776C43}.AppStore|ARM.Deploy.0 = Release|Any CPU
		{D23819FB-AACC-4B2D-BA75-B0A39D776C43}.AppStore|iPhone.ActiveCfg = Release|Any CPU
		{D23819FB-AACC-4B2D-BA75-B0A39D776C43}.AppStore|iPhone.Build.0 = Release|Any CPU
		{D23819FB-AACC-4B2D-BA75-B0A39D776C43}.AppStore|iPhone.Deploy.0 = Release|Any CPU
		{D23819FB-AACC-4B2D-BA75-B0A39D776C43}.AppStore|iPhoneSimulator.ActiveCfg = Release|Any CPU
		{D23819FB-AACC-4B2D-BA75-B0A39D776C43}.AppStore|iPhoneSimulator.Build.0 = Release|Any CPU
		{D23819FB-AACC-4B2D-BA75-B0A39D776C43}.AppStore|iPhoneSimulator.Deploy.0 = Release|Any CPU
		{D23819FB-AACC-4B2D-BA75-B0A39D776C43}.AppStore|x64.ActiveCfg = Release|Any CPU
		{D23819FB-AACC-4B2D-BA75-B0A39D776C43}.AppStore|x64.Build.0 = Release|Any CPU
		{D23819FB-AACC-4B2D-BA75-B0A39D776C43}.AppStore|x64.Deploy.0 = Release|Any CPU
		{D23819FB-AACC-4B2D-BA75-B0A39D776C43}.AppStore|x86.ActiveCfg = Release|Any CPU
		{D23819FB-AACC-4B2D-BA75-B0A39D776C43}.AppStore|x86.Build.0 = Release|Any CPU
		{D23819FB-AACC-4B2D-BA75-B0A39D776C43}.AppStore|x86.Deploy.0 = Release|Any CPU
		{D23819FB-AACC-4B2D-BA75-B0A39D776C43}.Debug|Any CPU.ActiveCfg = Debug|Any CPU
		{D23819FB-AACC-4B2D-BA75-B0A39D776C43}.Debug|Any CPU.Build.0 = Debug|Any CPU
		{D23819FB-AACC-4B2D-BA75-B0A39D776C43}.Debug|Any CPU.Deploy.0 = Debug|Any CPU
		{D23819FB-AACC-4B2D-BA75-B0A39D776C43}.Debug|ARM.ActiveCfg = Debug|Any CPU
		{D23819FB-AACC-4B2D-BA75-B0A39D776C43}.Debug|ARM.Build.0 = Debug|Any CPU
		{D23819FB-AACC-4B2D-BA75-B0A39D776C43}.Debug|ARM.Deploy.0 = Debug|Any CPU
		{D23819FB-AACC-4B2D-BA75-B0A39D776C43}.Debug|iPhone.ActiveCfg = Debug|Any CPU
		{D23819FB-AACC-4B2D-BA75-B0A39D776C43}.Debug|iPhone.Build.0 = Debug|Any CPU
		{D23819FB-AACC-4B2D-BA75-B0A39D776C43}.Debug|iPhone.Deploy.0 = Debug|Any CPU
		{D23819FB-AACC-4B2D-BA75-B0A39D776C43}.Debug|iPhoneSimulator.ActiveCfg = Debug|Any CPU
		{D23819FB-AACC-4B2D-BA75-B0A39D776C43}.Debug|iPhoneSimulator.Build.0 = Debug|Any CPU
		{D23819FB-AACC-4B2D-BA75-B0A39D776C43}.Debug|iPhoneSimulator.Deploy.0 = Debug|Any CPU
		{D23819FB-AACC-4B2D-BA75-B0A39D776C43}.Debug|x64.ActiveCfg = Debug|Any CPU
		{D23819FB-AACC-4B2D-BA75-B0A39D776C43}.Debug|x64.Build.0 = Debug|Any CPU
		{D23819FB-AACC-4B2D-BA75-B0A39D776C43}.Debug|x64.Deploy.0 = Debug|Any CPU
		{D23819FB-AACC-4B2D-BA75-B0A39D776C43}.Debug|x86.ActiveCfg = Debug|Any CPU
		{D23819FB-AACC-4B2D-BA75-B0A39D776C43}.Debug|x86.Build.0 = Debug|Any CPU
		{D23819FB-AACC-4B2D-BA75-B0A39D776C43}.Debug|x86.Deploy.0 = Debug|Any CPU
		{D23819FB-AACC-4B2D-BA75-B0A39D776C43}.Release|Any CPU.ActiveCfg = Release|Any CPU
		{D23819FB-AACC-4B2D-BA75-B0A39D776C43}.Release|Any CPU.Build.0 = Release|Any CPU
		{D23819FB-AACC-4B2D-BA75-B0A39D776C43}.Release|Any CPU.Deploy.0 = Release|Any CPU
		{D23819FB-AACC-4B2D-BA75-B0A39D776C43}.Release|ARM.ActiveCfg = Release|Any CPU
		{D23819FB-AACC-4B2D-BA75-B0A39D776C43}.Release|ARM.Build.0 = Release|Any CPU
		{D23819FB-AACC-4B2D-BA75-B0A39D776C43}.Release|ARM.Deploy.0 = Release|Any CPU
		{D23819FB-AACC-4B2D-BA75-B0A39D776C43}.Release|iPhone.ActiveCfg = Release|Any CPU
		{D23819FB-AACC-4B2D-BA75-B0A39D776C43}.Release|iPhone.Build.0 = Release|Any CPU
		{D23819FB-AACC-4B2D-BA75-B0A39D776C43}.Release|iPhone.Deploy.0 = Release|Any CPU
		{D23819FB-AACC-4B2D-BA75-B0A39D776C43}.Release|iPhoneSimulator.ActiveCfg = Release|Any CPU
		{D23819FB-AACC-4B2D-BA75-B0A39D776C43}.Release|iPhoneSimulator.Build.0 = Release|Any CPU
		{D23819FB-AACC-4B2D-BA75-B0A39D776C43}.Release|iPhoneSimulator.Deploy.0 = Release|Any CPU
		{D23819FB-AACC-4B2D-BA75-B0A39D776C43}.Release|x64.ActiveCfg = Release|Any CPU
		{D23819FB-AACC-4B2D-BA75-B0A39D776C43}.Release|x64.Build.0 = Release|Any CPU
		{D23819FB-AACC-4B2D-BA75-B0A39D776C43}.Release|x64.Deploy.0 = Release|Any CPU
		{D23819FB-AACC-4B2D-BA75-B0A39D776C43}.Release|x86.ActiveCfg = Release|Any CPU
		{D23819FB-AACC-4B2D-BA75-B0A39D776C43}.Release|x86.Build.0 = Release|Any CPU
		{D23819FB-AACC-4B2D-BA75-B0A39D776C43}.Release|x86.Deploy.0 = Release|Any CPU
		{325E72E2-E06A-49C6-885B-310E504AE006}.Ad-Hoc|Any CPU.ActiveCfg = Ad-Hoc|iPhone
		{325E72E2-E06A-49C6-885B-310E504AE006}.Ad-Hoc|ARM.ActiveCfg = Ad-Hoc|iPhone
		{325E72E2-E06A-49C6-885B-310E504AE006}.Ad-Hoc|iPhone.ActiveCfg = Ad-Hoc|iPhone
		{325E72E2-E06A-49C6-885B-310E504AE006}.Ad-Hoc|iPhone.Build.0 = Ad-Hoc|iPhone
		{325E72E2-E06A-49C6-885B-310E504AE006}.Ad-Hoc|iPhoneSimulator.ActiveCfg = Ad-Hoc|iPhoneSimulator
		{325E72E2-E06A-49C6-885B-310E504AE006}.Ad-Hoc|iPhoneSimulator.Build.0 = Ad-Hoc|iPhoneSimulator
		{325E72E2-E06A-49C6-885B-310E504AE006}.Ad-Hoc|x64.ActiveCfg = Ad-Hoc|iPhone
		{325E72E2-E06A-49C6-885B-310E504AE006}.Ad-Hoc|x86.ActiveCfg = Ad-Hoc|iPhone
		{325E72E2-E06A-49C6-885B-310E504AE006}.AppStore|Any CPU.ActiveCfg = AppStore|iPhone
		{325E72E2-E06A-49C6-885B-310E504AE006}.AppStore|ARM.ActiveCfg = AppStore|iPhone
		{325E72E2-E06A-49C6-885B-310E504AE006}.AppStore|iPhone.ActiveCfg = AppStore|iPhone
		{325E72E2-E06A-49C6-885B-310E504AE006}.AppStore|iPhone.Build.0 = AppStore|iPhone
		{325E72E2-E06A-49C6-885B-310E504AE006}.AppStore|iPhoneSimulator.ActiveCfg = AppStore|iPhoneSimulator
		{325E72E2-E06A-49C6-885B-310E504AE006}.AppStore|iPhoneSimulator.Build.0 = AppStore|iPhoneSimulator
		{325E72E2-E06A-49C6-885B-310E504AE006}.AppStore|x64.ActiveCfg = AppStore|iPhone
		{325E72E2-E06A-49C6-885B-310E504AE006}.AppStore|x86.ActiveCfg = AppStore|iPhone
		{325E72E2-E06A-49C6-885B-310E504AE006}.Debug|Any CPU.ActiveCfg = Debug|iPhone
		{325E72E2-E06A-49C6-885B-310E504AE006}.Debug|ARM.ActiveCfg = Debug|iPhone
		{325E72E2-E06A-49C6-885B-310E504AE006}.Debug|iPhone.ActiveCfg = Debug|iPhone
		{325E72E2-E06A-49C6-885B-310E504AE006}.Debug|iPhone.Build.0 = Debug|iPhone
		{325E72E2-E06A-49C6-885B-310E504AE006}.Debug|iPhoneSimulator.ActiveCfg = Debug|iPhoneSimulator
		{325E72E2-E06A-49C6-885B-310E504AE006}.Debug|iPhoneSimulator.Build.0 = Debug|iPhoneSimulator
		{325E72E2-E06A-49C6-885B-310E504AE006}.Debug|x64.ActiveCfg = Debug|iPhone
		{325E72E2-E06A-49C6-885B-310E504AE006}.Debug|x86.ActiveCfg = Debug|iPhone
		{325E72E2-E06A-49C6-885B-310E504AE006}.Release|Any CPU.ActiveCfg = Release|iPhone
		{325E72E2-E06A-49C6-885B-310E504AE006}.Release|ARM.ActiveCfg = Release|iPhone
		{325E72E2-E06A-49C6-885B-310E504AE006}.Release|iPhone.ActiveCfg = Release|iPhone
		{325E72E2-E06A-49C6-885B-310E504AE006}.Release|iPhone.Build.0 = Release|iPhone
		{325E72E2-E06A-49C6-885B-310E504AE006}.Release|iPhoneSimulator.ActiveCfg = Release|iPhoneSimulator
		{325E72E2-E06A-49C6-885B-310E504AE006}.Release|iPhoneSimulator.Build.0 = Release|iPhoneSimulator
		{325E72E2-E06A-49C6-885B-310E504AE006}.Release|x64.ActiveCfg = Release|iPhone
		{325E72E2-E06A-49C6-885B-310E504AE006}.Release|x86.ActiveCfg = Release|iPhone
		{7FB50389-8846-4392-A8C3-C4DDA901DC51}.Ad-Hoc|Any CPU.ActiveCfg = Release|Any CPU
		{7FB50389-8846-4392-A8C3-C4DDA901DC51}.Ad-Hoc|Any CPU.Build.0 = Release|Any CPU
		{7FB50389-8846-4392-A8C3-C4DDA901DC51}.Ad-Hoc|Any CPU.Deploy.0 = Release|Any CPU
		{7FB50389-8846-4392-A8C3-C4DDA901DC51}.Ad-Hoc|ARM.ActiveCfg = Release|ARM
		{7FB50389-8846-4392-A8C3-C4DDA901DC51}.Ad-Hoc|ARM.Build.0 = Release|ARM
		{7FB50389-8846-4392-A8C3-C4DDA901DC51}.Ad-Hoc|ARM.Deploy.0 = Release|ARM
		{7FB50389-8846-4392-A8C3-C4DDA901DC51}.Ad-Hoc|iPhone.ActiveCfg = Release|Any CPU
		{7FB50389-8846-4392-A8C3-C4DDA901DC51}.Ad-Hoc|iPhone.Build.0 = Release|Any CPU
		{7FB50389-8846-4392-A8C3-C4DDA901DC51}.Ad-Hoc|iPhone.Deploy.0 = Release|Any CPU
		{7FB50389-8846-4392-A8C3-C4DDA901DC51}.Ad-Hoc|iPhoneSimulator.ActiveCfg = Release|Any CPU
		{7FB50389-8846-4392-A8C3-C4DDA901DC51}.Ad-Hoc|iPhoneSimulator.Build.0 = Release|Any CPU
		{7FB50389-8846-4392-A8C3-C4DDA901DC51}.Ad-Hoc|iPhoneSimulator.Deploy.0 = Release|Any CPU
		{7FB50389-8846-4392-A8C3-C4DDA901DC51}.Ad-Hoc|x64.ActiveCfg = Release|Any CPU
		{7FB50389-8846-4392-A8C3-C4DDA901DC51}.Ad-Hoc|x64.Build.0 = Release|Any CPU
		{7FB50389-8846-4392-A8C3-C4DDA901DC51}.Ad-Hoc|x64.Deploy.0 = Release|Any CPU
		{7FB50389-8846-4392-A8C3-C4DDA901DC51}.Ad-Hoc|x86.ActiveCfg = Release|x86
		{7FB50389-8846-4392-A8C3-C4DDA901DC51}.Ad-Hoc|x86.Build.0 = Release|x86
		{7FB50389-8846-4392-A8C3-C4DDA901DC51}.Ad-Hoc|x86.Deploy.0 = Release|x86
		{7FB50389-8846-4392-A8C3-C4DDA901DC51}.AppStore|Any CPU.ActiveCfg = Release|Any CPU
		{7FB50389-8846-4392-A8C3-C4DDA901DC51}.AppStore|Any CPU.Build.0 = Release|Any CPU
		{7FB50389-8846-4392-A8C3-C4DDA901DC51}.AppStore|Any CPU.Deploy.0 = Release|Any CPU
		{7FB50389-8846-4392-A8C3-C4DDA901DC51}.AppStore|ARM.ActiveCfg = Release|ARM
		{7FB50389-8846-4392-A8C3-C4DDA901DC51}.AppStore|ARM.Build.0 = Release|ARM
		{7FB50389-8846-4392-A8C3-C4DDA901DC51}.AppStore|ARM.Deploy.0 = Release|ARM
		{7FB50389-8846-4392-A8C3-C4DDA901DC51}.AppStore|iPhone.ActiveCfg = Release|Any CPU
		{7FB50389-8846-4392-A8C3-C4DDA901DC51}.AppStore|iPhone.Build.0 = Release|Any CPU
		{7FB50389-8846-4392-A8C3-C4DDA901DC51}.AppStore|iPhone.Deploy.0 = Release|Any CPU
		{7FB50389-8846-4392-A8C3-C4DDA901DC51}.AppStore|iPhoneSimulator.ActiveCfg = Release|Any CPU
		{7FB50389-8846-4392-A8C3-C4DDA901DC51}.AppStore|iPhoneSimulator.Build.0 = Release|Any CPU
		{7FB50389-8846-4392-A8C3-C4DDA901DC51}.AppStore|iPhoneSimulator.Deploy.0 = Release|Any CPU
		{7FB50389-8846-4392-A8C3-C4DDA901DC51}.AppStore|x64.ActiveCfg = Release|Any CPU
		{7FB50389-8846-4392-A8C3-C4DDA901DC51}.AppStore|x64.Build.0 = Release|Any CPU
		{7FB50389-8846-4392-A8C3-C4DDA901DC51}.AppStore|x64.Deploy.0 = Release|Any CPU
		{7FB50389-8846-4392-A8C3-C4DDA901DC51}.AppStore|x86.ActiveCfg = Release|x86
		{7FB50389-8846-4392-A8C3-C4DDA901DC51}.AppStore|x86.Build.0 = Release|x86
		{7FB50389-8846-4392-A8C3-C4DDA901DC51}.AppStore|x86.Deploy.0 = Release|x86
		{7FB50389-8846-4392-A8C3-C4DDA901DC51}.Debug|Any CPU.ActiveCfg = Debug|Any CPU
		{7FB50389-8846-4392-A8C3-C4DDA901DC51}.Debug|Any CPU.Build.0 = Debug|Any CPU
		{7FB50389-8846-4392-A8C3-C4DDA901DC51}.Debug|Any CPU.Deploy.0 = Debug|Any CPU
		{7FB50389-8846-4392-A8C3-C4DDA901DC51}.Debug|ARM.ActiveCfg = Debug|ARM
		{7FB50389-8846-4392-A8C3-C4DDA901DC51}.Debug|ARM.Build.0 = Debug|ARM
		{7FB50389-8846-4392-A8C3-C4DDA901DC51}.Debug|ARM.Deploy.0 = Debug|ARM
		{7FB50389-8846-4392-A8C3-C4DDA901DC51}.Debug|iPhone.ActiveCfg = Debug|Any CPU
		{7FB50389-8846-4392-A8C3-C4DDA901DC51}.Debug|iPhone.Build.0 = Debug|Any CPU
		{7FB50389-8846-4392-A8C3-C4DDA901DC51}.Debug|iPhone.Deploy.0 = Debug|Any CPU
		{7FB50389-8846-4392-A8C3-C4DDA901DC51}.Debug|iPhoneSimulator.ActiveCfg = Debug|Any CPU
		{7FB50389-8846-4392-A8C3-C4DDA901DC51}.Debug|iPhoneSimulator.Build.0 = Debug|Any CPU
		{7FB50389-8846-4392-A8C3-C4DDA901DC51}.Debug|iPhoneSimulator.Deploy.0 = Debug|Any CPU
		{7FB50389-8846-4392-A8C3-C4DDA901DC51}.Debug|x64.ActiveCfg = Debug|Any CPU
		{7FB50389-8846-4392-A8C3-C4DDA901DC51}.Debug|x64.Build.0 = Debug|Any CPU
		{7FB50389-8846-4392-A8C3-C4DDA901DC51}.Debug|x64.Deploy.0 = Debug|Any CPU
		{7FB50389-8846-4392-A8C3-C4DDA901DC51}.Debug|x86.ActiveCfg = Debug|x86
		{7FB50389-8846-4392-A8C3-C4DDA901DC51}.Debug|x86.Build.0 = Debug|x86
		{7FB50389-8846-4392-A8C3-C4DDA901DC51}.Debug|x86.Deploy.0 = Debug|x86
		{7FB50389-8846-4392-A8C3-C4DDA901DC51}.Release|Any CPU.ActiveCfg = Release|Any CPU
		{7FB50389-8846-4392-A8C3-C4DDA901DC51}.Release|Any CPU.Build.0 = Release|Any CPU
		{7FB50389-8846-4392-A8C3-C4DDA901DC51}.Release|Any CPU.Deploy.0 = Release|Any CPU
		{7FB50389-8846-4392-A8C3-C4DDA901DC51}.Release|ARM.ActiveCfg = Release|ARM
		{7FB50389-8846-4392-A8C3-C4DDA901DC51}.Release|ARM.Build.0 = Release|ARM
		{7FB50389-8846-4392-A8C3-C4DDA901DC51}.Release|ARM.Deploy.0 = Release|ARM
		{7FB50389-8846-4392-A8C3-C4DDA901DC51}.Release|iPhone.ActiveCfg = Release|Any CPU
		{7FB50389-8846-4392-A8C3-C4DDA901DC51}.Release|iPhone.Build.0 = Release|Any CPU
		{7FB50389-8846-4392-A8C3-C4DDA901DC51}.Release|iPhone.Deploy.0 = Release|Any CPU
		{7FB50389-8846-4392-A8C3-C4DDA901DC51}.Release|iPhoneSimulator.ActiveCfg = Release|Any CPU
		{7FB50389-8846-4392-A8C3-C4DDA901DC51}.Release|iPhoneSimulator.Build.0 = Release|Any CPU
		{7FB50389-8846-4392-A8C3-C4DDA901DC51}.Release|iPhoneSimulator.Deploy.0 = Release|Any CPU
		{7FB50389-8846-4392-A8C3-C4DDA901DC51}.Release|x64.ActiveCfg = Release|Any CPU
		{7FB50389-8846-4392-A8C3-C4DDA901DC51}.Release|x64.Build.0 = Release|Any CPU
		{7FB50389-8846-4392-A8C3-C4DDA901DC51}.Release|x64.Deploy.0 = Release|Any CPU
		{7FB50389-8846-4392-A8C3-C4DDA901DC51}.Release|x86.ActiveCfg = Release|x86
		{7FB50389-8846-4392-A8C3-C4DDA901DC51}.Release|x86.Build.0 = Release|x86
		{7FB50389-8846-4392-A8C3-C4DDA901DC51}.Release|x86.Deploy.0 = Release|x86
		{00063B56-7FCB-48E6-A962-439247C209B4}.Ad-Hoc|Any CPU.ActiveCfg = Release|x86
		{00063B56-7FCB-48E6-A962-439247C209B4}.Ad-Hoc|Any CPU.Build.0 = Release|x86
		{00063B56-7FCB-48E6-A962-439247C209B4}.Ad-Hoc|Any CPU.Deploy.0 = Release|x86
		{00063B56-7FCB-48E6-A962-439247C209B4}.Ad-Hoc|ARM.ActiveCfg = Release|ARM
		{00063B56-7FCB-48E6-A962-439247C209B4}.Ad-Hoc|ARM.Build.0 = Release|ARM
		{00063B56-7FCB-48E6-A962-439247C209B4}.Ad-Hoc|ARM.Deploy.0 = Release|ARM
		{00063B56-7FCB-48E6-A962-439247C209B4}.Ad-Hoc|iPhone.ActiveCfg = Release|x86
		{00063B56-7FCB-48E6-A962-439247C209B4}.Ad-Hoc|iPhone.Build.0 = Release|x86
		{00063B56-7FCB-48E6-A962-439247C209B4}.Ad-Hoc|iPhone.Deploy.0 = Release|x86
		{00063B56-7FCB-48E6-A962-439247C209B4}.Ad-Hoc|iPhoneSimulator.ActiveCfg = Release|x86
		{00063B56-7FCB-48E6-A962-439247C209B4}.Ad-Hoc|iPhoneSimulator.Build.0 = Release|x86
		{00063B56-7FCB-48E6-A962-439247C209B4}.Ad-Hoc|iPhoneSimulator.Deploy.0 = Release|x86
		{00063B56-7FCB-48E6-A962-439247C209B4}.Ad-Hoc|x64.ActiveCfg = Release|x64
		{00063B56-7FCB-48E6-A962-439247C209B4}.Ad-Hoc|x64.Build.0 = Release|x64
		{00063B56-7FCB-48E6-A962-439247C209B4}.Ad-Hoc|x64.Deploy.0 = Release|x64
		{00063B56-7FCB-48E6-A962-439247C209B4}.Ad-Hoc|x86.ActiveCfg = Release|x86
		{00063B56-7FCB-48E6-A962-439247C209B4}.Ad-Hoc|x86.Build.0 = Release|x86
		{00063B56-7FCB-48E6-A962-439247C209B4}.Ad-Hoc|x86.Deploy.0 = Release|x86
		{00063B56-7FCB-48E6-A962-439247C209B4}.AppStore|Any CPU.ActiveCfg = Release|x86
		{00063B56-7FCB-48E6-A962-439247C209B4}.AppStore|Any CPU.Build.0 = Release|x86
		{00063B56-7FCB-48E6-A962-439247C209B4}.AppStore|Any CPU.Deploy.0 = Release|x86
		{00063B56-7FCB-48E6-A962-439247C209B4}.AppStore|ARM.ActiveCfg = Release|ARM
		{00063B56-7FCB-48E6-A962-439247C209B4}.AppStore|ARM.Build.0 = Release|ARM
		{00063B56-7FCB-48E6-A962-439247C209B4}.AppStore|ARM.Deploy.0 = Release|ARM
		{00063B56-7FCB-48E6-A962-439247C209B4}.AppStore|iPhone.ActiveCfg = Release|x86
		{00063B56-7FCB-48E6-A962-439247C209B4}.AppStore|iPhone.Build.0 = Release|x86
		{00063B56-7FCB-48E6-A962-439247C209B4}.AppStore|iPhone.Deploy.0 = Release|x86
		{00063B56-7FCB-48E6-A962-439247C209B4}.AppStore|iPhoneSimulator.ActiveCfg = Release|x86
		{00063B56-7FCB-48E6-A962-439247C209B4}.AppStore|iPhoneSimulator.Build.0 = Release|x86
		{00063B56-7FCB-48E6-A962-439247C209B4}.AppStore|iPhoneSimulator.Deploy.0 = Release|x86
		{00063B56-7FCB-48E6-A962-439247C209B4}.AppStore|x64.ActiveCfg = Release|x64
		{00063B56-7FCB-48E6-A962-439247C209B4}.AppStore|x64.Build.0 = Release|x64
		{00063B56-7FCB-48E6-A962-439247C209B4}.AppStore|x64.Deploy.0 = Release|x64
		{00063B56-7FCB-48E6-A962-439247C209B4}.AppStore|x86.ActiveCfg = Release|x86
		{00063B56-7FCB-48E6-A962-439247C209B4}.AppStore|x86.Build.0 = Release|x86
		{00063B56-7FCB-48E6-A962-439247C209B4}.AppStore|x86.Deploy.0 = Release|x86
		{00063B56-7FCB-48E6-A962-439247C209B4}.Debug|Any CPU.ActiveCfg = Debug|x86
		{00063B56-7FCB-48E6-A962-439247C209B4}.Debug|ARM.ActiveCfg = Debug|ARM
		{00063B56-7FCB-48E6-A962-439247C209B4}.Debug|ARM.Build.0 = Debug|ARM
		{00063B56-7FCB-48E6-A962-439247C209B4}.Debug|ARM.Deploy.0 = Debug|ARM
		{00063B56-7FCB-48E6-A962-439247C209B4}.Debug|iPhone.ActiveCfg = Debug|x86
		{00063B56-7FCB-48E6-A962-439247C209B4}.Debug|iPhoneSimulator.ActiveCfg = Debug|x86
		{00063B56-7FCB-48E6-A962-439247C209B4}.Debug|x64.ActiveCfg = Debug|x64
		{00063B56-7FCB-48E6-A962-439247C209B4}.Debug|x64.Build.0 = Debug|x64
		{00063B56-7FCB-48E6-A962-439247C209B4}.Debug|x64.Deploy.0 = Debug|x64
		{00063B56-7FCB-48E6-A962-439247C209B4}.Debug|x86.ActiveCfg = Debug|x86
		{00063B56-7FCB-48E6-A962-439247C209B4}.Debug|x86.Build.0 = Debug|x86
		{00063B56-7FCB-48E6-A962-439247C209B4}.Debug|x86.Deploy.0 = Debug|x86
		{00063B56-7FCB-48E6-A962-439247C209B4}.Release|Any CPU.ActiveCfg = Release|x86
		{00063B56-7FCB-48E6-A962-439247C209B4}.Release|ARM.ActiveCfg = Release|ARM
		{00063B56-7FCB-48E6-A962-439247C209B4}.Release|ARM.Build.0 = Release|ARM
		{00063B56-7FCB-48E6-A962-439247C209B4}.Release|ARM.Deploy.0 = Release|ARM
		{00063B56-7FCB-48E6-A962-439247C209B4}.Release|iPhone.ActiveCfg = Release|x86
		{00063B56-7FCB-48E6-A962-439247C209B4}.Release|iPhoneSimulator.ActiveCfg = Release|x86
		{00063B56-7FCB-48E6-A962-439247C209B4}.Release|x64.ActiveCfg = Release|x64
		{00063B56-7FCB-48E6-A962-439247C209B4}.Release|x64.Build.0 = Release|x64
		{00063B56-7FCB-48E6-A962-439247C209B4}.Release|x64.Deploy.0 = Release|x64
		{00063B56-7FCB-48E6-A962-439247C209B4}.Release|x86.ActiveCfg = Release|x86
		{00063B56-7FCB-48E6-A962-439247C209B4}.Release|x86.Build.0 = Release|x86
		{00063B56-7FCB-48E6-A962-439247C209B4}.Release|x86.Deploy.0 = Release|x86
		{183402CF-6F16-4942-8CBA-9676DE9DC719}.Ad-Hoc|Any CPU.ActiveCfg = Release|Any CPU
		{183402CF-6F16-4942-8CBA-9676DE9DC719}.Ad-Hoc|Any CPU.Build.0 = Release|Any CPU
		{183402CF-6F16-4942-8CBA-9676DE9DC719}.Ad-Hoc|Any CPU.Deploy.0 = Release|Any CPU
		{183402CF-6F16-4942-8CBA-9676DE9DC719}.Ad-Hoc|ARM.ActiveCfg = Release|ARM
		{183402CF-6F16-4942-8CBA-9676DE9DC719}.Ad-Hoc|ARM.Build.0 = Release|ARM
		{183402CF-6F16-4942-8CBA-9676DE9DC719}.Ad-Hoc|ARM.Deploy.0 = Release|ARM
		{183402CF-6F16-4942-8CBA-9676DE9DC719}.Ad-Hoc|iPhone.ActiveCfg = Release|Any CPU
		{183402CF-6F16-4942-8CBA-9676DE9DC719}.Ad-Hoc|iPhone.Build.0 = Release|Any CPU
		{183402CF-6F16-4942-8CBA-9676DE9DC719}.Ad-Hoc|iPhone.Deploy.0 = Release|Any CPU
		{183402CF-6F16-4942-8CBA-9676DE9DC719}.Ad-Hoc|iPhoneSimulator.ActiveCfg = Release|Any CPU
		{183402CF-6F16-4942-8CBA-9676DE9DC719}.Ad-Hoc|iPhoneSimulator.Build.0 = Release|Any CPU
		{183402CF-6F16-4942-8CBA-9676DE9DC719}.Ad-Hoc|iPhoneSimulator.Deploy.0 = Release|Any CPU
		{183402CF-6F16-4942-8CBA-9676DE9DC719}.Ad-Hoc|x64.ActiveCfg = Release|x64
		{183402CF-6F16-4942-8CBA-9676DE9DC719}.Ad-Hoc|x64.Build.0 = Release|x64
		{183402CF-6F16-4942-8CBA-9676DE9DC719}.Ad-Hoc|x64.Deploy.0 = Release|x64
		{183402CF-6F16-4942-8CBA-9676DE9DC719}.Ad-Hoc|x86.ActiveCfg = Release|x86
		{183402CF-6F16-4942-8CBA-9676DE9DC719}.Ad-Hoc|x86.Build.0 = Release|x86
		{183402CF-6F16-4942-8CBA-9676DE9DC719}.Ad-Hoc|x86.Deploy.0 = Release|x86
		{183402CF-6F16-4942-8CBA-9676DE9DC719}.AppStore|Any CPU.ActiveCfg = Release|Any CPU
		{183402CF-6F16-4942-8CBA-9676DE9DC719}.AppStore|Any CPU.Build.0 = Release|Any CPU
		{183402CF-6F16-4942-8CBA-9676DE9DC719}.AppStore|Any CPU.Deploy.0 = Release|Any CPU
		{183402CF-6F16-4942-8CBA-9676DE9DC719}.AppStore|ARM.ActiveCfg = Release|ARM
		{183402CF-6F16-4942-8CBA-9676DE9DC719}.AppStore|ARM.Build.0 = Release|ARM
		{183402CF-6F16-4942-8CBA-9676DE9DC719}.AppStore|ARM.Deploy.0 = Release|ARM
		{183402CF-6F16-4942-8CBA-9676DE9DC719}.AppStore|iPhone.ActiveCfg = Release|Any CPU
		{183402CF-6F16-4942-8CBA-9676DE9DC719}.AppStore|iPhone.Build.0 = Release|Any CPU
		{183402CF-6F16-4942-8CBA-9676DE9DC719}.AppStore|iPhone.Deploy.0 = Release|Any CPU
		{183402CF-6F16-4942-8CBA-9676DE9DC719}.AppStore|iPhoneSimulator.ActiveCfg = Release|Any CPU
		{183402CF-6F16-4942-8CBA-9676DE9DC719}.AppStore|iPhoneSimulator.Build.0 = Release|Any CPU
		{183402CF-6F16-4942-8CBA-9676DE9DC719}.AppStore|iPhoneSimulator.Deploy.0 = Release|Any CPU
		{183402CF-6F16-4942-8CBA-9676DE9DC719}.AppStore|x64.ActiveCfg = Release|x64
		{183402CF-6F16-4942-8CBA-9676DE9DC719}.AppStore|x64.Build.0 = Release|x64
		{183402CF-6F16-4942-8CBA-9676DE9DC719}.AppStore|x64.Deploy.0 = Release|x64
		{183402CF-6F16-4942-8CBA-9676DE9DC719}.AppStore|x86.ActiveCfg = Release|x86
		{183402CF-6F16-4942-8CBA-9676DE9DC719}.AppStore|x86.Build.0 = Release|x86
		{183402CF-6F16-4942-8CBA-9676DE9DC719}.AppStore|x86.Deploy.0 = Release|x86
		{183402CF-6F16-4942-8CBA-9676DE9DC719}.Debug|Any CPU.ActiveCfg = Debug|Any CPU
		{183402CF-6F16-4942-8CBA-9676DE9DC719}.Debug|Any CPU.Build.0 = Debug|Any CPU
		{183402CF-6F16-4942-8CBA-9676DE9DC719}.Debug|Any CPU.Deploy.0 = Debug|Any CPU
		{183402CF-6F16-4942-8CBA-9676DE9DC719}.Debug|ARM.ActiveCfg = Debug|ARM
		{183402CF-6F16-4942-8CBA-9676DE9DC719}.Debug|ARM.Build.0 = Debug|ARM
		{183402CF-6F16-4942-8CBA-9676DE9DC719}.Debug|ARM.Deploy.0 = Debug|ARM
		{183402CF-6F16-4942-8CBA-9676DE9DC719}.Debug|iPhone.ActiveCfg = Debug|Any CPU
		{183402CF-6F16-4942-8CBA-9676DE9DC719}.Debug|iPhone.Build.0 = Debug|Any CPU
		{183402CF-6F16-4942-8CBA-9676DE9DC719}.Debug|iPhone.Deploy.0 = Debug|Any CPU
		{183402CF-6F16-4942-8CBA-9676DE9DC719}.Debug|iPhoneSimulator.ActiveCfg = Debug|Any CPU
		{183402CF-6F16-4942-8CBA-9676DE9DC719}.Debug|iPhoneSimulator.Build.0 = Debug|Any CPU
		{183402CF-6F16-4942-8CBA-9676DE9DC719}.Debug|iPhoneSimulator.Deploy.0 = Debug|Any CPU
		{183402CF-6F16-4942-8CBA-9676DE9DC719}.Debug|x64.ActiveCfg = Debug|x64
		{183402CF-6F16-4942-8CBA-9676DE9DC719}.Debug|x64.Build.0 = Debug|x64
		{183402CF-6F16-4942-8CBA-9676DE9DC719}.Debug|x64.Deploy.0 = Debug|x64
		{183402CF-6F16-4942-8CBA-9676DE9DC719}.Debug|x86.ActiveCfg = Debug|x86
		{183402CF-6F16-4942-8CBA-9676DE9DC719}.Debug|x86.Build.0 = Debug|x86
		{183402CF-6F16-4942-8CBA-9676DE9DC719}.Debug|x86.Deploy.0 = Debug|x86
		{183402CF-6F16-4942-8CBA-9676DE9DC719}.Release|Any CPU.ActiveCfg = Release|Any CPU
		{183402CF-6F16-4942-8CBA-9676DE9DC719}.Release|Any CPU.Build.0 = Release|Any CPU
		{183402CF-6F16-4942-8CBA-9676DE9DC719}.Release|Any CPU.Deploy.0 = Release|Any CPU
		{183402CF-6F16-4942-8CBA-9676DE9DC719}.Release|ARM.ActiveCfg = Release|ARM
		{183402CF-6F16-4942-8CBA-9676DE9DC719}.Release|ARM.Build.0 = Release|ARM
		{183402CF-6F16-4942-8CBA-9676DE9DC719}.Release|ARM.Deploy.0 = Release|ARM
		{183402CF-6F16-4942-8CBA-9676DE9DC719}.Release|iPhone.ActiveCfg = Release|Any CPU
		{183402CF-6F16-4942-8CBA-9676DE9DC719}.Release|iPhone.Build.0 = Release|Any CPU
		{183402CF-6F16-4942-8CBA-9676DE9DC719}.Release|iPhone.Deploy.0 = Release|Any CPU
		{183402CF-6F16-4942-8CBA-9676DE9DC719}.Release|iPhoneSimulator.ActiveCfg = Release|Any CPU
		{183402CF-6F16-4942-8CBA-9676DE9DC719}.Release|iPhoneSimulator.Build.0 = Release|Any CPU
		{183402CF-6F16-4942-8CBA-9676DE9DC719}.Release|iPhoneSimulator.Deploy.0 = Release|Any CPU
		{183402CF-6F16-4942-8CBA-9676DE9DC719}.Release|x64.ActiveCfg = Release|x64
		{183402CF-6F16-4942-8CBA-9676DE9DC719}.Release|x64.Build.0 = Release|x64
		{183402CF-6F16-4942-8CBA-9676DE9DC719}.Release|x64.Deploy.0 = Release|x64
		{183402CF-6F16-4942-8CBA-9676DE9DC719}.Release|x86.ActiveCfg = Release|x86
		{183402CF-6F16-4942-8CBA-9676DE9DC719}.Release|x86.Build.0 = Release|x86
		{183402CF-6F16-4942-8CBA-9676DE9DC719}.Release|x86.Deploy.0 = Release|x86
		{4E8C5134-9DCE-4D2F-A71B-47989A477071}.Ad-Hoc|Any CPU.ActiveCfg = Release|Any CPU
		{4E8C5134-9DCE-4D2F-A71B-47989A477071}.Ad-Hoc|Any CPU.Build.0 = Release|Any CPU
		{4E8C5134-9DCE-4D2F-A71B-47989A477071}.Ad-Hoc|ARM.ActiveCfg = Release|Any CPU
		{4E8C5134-9DCE-4D2F-A71B-47989A477071}.Ad-Hoc|ARM.Build.0 = Release|Any CPU
		{4E8C5134-9DCE-4D2F-A71B-47989A477071}.Ad-Hoc|iPhone.ActiveCfg = Release|Any CPU
		{4E8C5134-9DCE-4D2F-A71B-47989A477071}.Ad-Hoc|iPhone.Build.0 = Release|Any CPU
		{4E8C5134-9DCE-4D2F-A71B-47989A477071}.Ad-Hoc|iPhoneSimulator.ActiveCfg = Release|Any CPU
		{4E8C5134-9DCE-4D2F-A71B-47989A477071}.Ad-Hoc|iPhoneSimulator.Build.0 = Release|Any CPU
		{4E8C5134-9DCE-4D2F-A71B-47989A477071}.Ad-Hoc|x64.ActiveCfg = Release|Any CPU
		{4E8C5134-9DCE-4D2F-A71B-47989A477071}.Ad-Hoc|x64.Build.0 = Release|Any CPU
		{4E8C5134-9DCE-4D2F-A71B-47989A477071}.Ad-Hoc|x86.ActiveCfg = Release|Any CPU
		{4E8C5134-9DCE-4D2F-A71B-47989A477071}.Ad-Hoc|x86.Build.0 = Release|Any CPU
		{4E8C5134-9DCE-4D2F-A71B-47989A477071}.AppStore|Any CPU.ActiveCfg = Release|Any CPU
		{4E8C5134-9DCE-4D2F-A71B-47989A477071}.AppStore|Any CPU.Build.0 = Release|Any CPU
		{4E8C5134-9DCE-4D2F-A71B-47989A477071}.AppStore|ARM.ActiveCfg = Release|Any CPU
		{4E8C5134-9DCE-4D2F-A71B-47989A477071}.AppStore|ARM.Build.0 = Release|Any CPU
		{4E8C5134-9DCE-4D2F-A71B-47989A477071}.AppStore|iPhone.ActiveCfg = Release|Any CPU
		{4E8C5134-9DCE-4D2F-A71B-47989A477071}.AppStore|iPhone.Build.0 = Release|Any CPU
		{4E8C5134-9DCE-4D2F-A71B-47989A477071}.AppStore|iPhoneSimulator.ActiveCfg = Release|Any CPU
		{4E8C5134-9DCE-4D2F-A71B-47989A477071}.AppStore|iPhoneSimulator.Build.0 = Release|Any CPU
		{4E8C5134-9DCE-4D2F-A71B-47989A477071}.AppStore|x64.ActiveCfg = Release|Any CPU
		{4E8C5134-9DCE-4D2F-A71B-47989A477071}.AppStore|x64.Build.0 = Release|Any CPU
		{4E8C5134-9DCE-4D2F-A71B-47989A477071}.AppStore|x86.ActiveCfg = Release|Any CPU
		{4E8C5134-9DCE-4D2F-A71B-47989A477071}.AppStore|x86.Build.0 = Release|Any CPU
		{4E8C5134-9DCE-4D2F-A71B-47989A477071}.Debug|Any CPU.ActiveCfg = Debug|Any CPU
		{4E8C5134-9DCE-4D2F-A71B-47989A477071}.Debug|Any CPU.Build.0 = Debug|Any CPU
		{4E8C5134-9DCE-4D2F-A71B-47989A477071}.Debug|ARM.ActiveCfg = Debug|Any CPU
		{4E8C5134-9DCE-4D2F-A71B-47989A477071}.Debug|ARM.Build.0 = Debug|Any CPU
		{4E8C5134-9DCE-4D2F-A71B-47989A477071}.Debug|iPhone.ActiveCfg = Debug|Any CPU
		{4E8C5134-9DCE-4D2F-A71B-47989A477071}.Debug|iPhone.Build.0 = Debug|Any CPU
		{4E8C5134-9DCE-4D2F-A71B-47989A477071}.Debug|iPhoneSimulator.ActiveCfg = Debug|Any CPU
		{4E8C5134-9DCE-4D2F-A71B-47989A477071}.Debug|iPhoneSimulator.Build.0 = Debug|Any CPU
		{4E8C5134-9DCE-4D2F-A71B-47989A477071}.Debug|x64.ActiveCfg = Debug|Any CPU
		{4E8C5134-9DCE-4D2F-A71B-47989A477071}.Debug|x64.Build.0 = Debug|Any CPU
		{4E8C5134-9DCE-4D2F-A71B-47989A477071}.Debug|x86.ActiveCfg = Debug|Any CPU
		{4E8C5134-9DCE-4D2F-A71B-47989A477071}.Debug|x86.Build.0 = Debug|Any CPU
		{4E8C5134-9DCE-4D2F-A71B-47989A477071}.Release|Any CPU.ActiveCfg = Release|Any CPU
		{4E8C5134-9DCE-4D2F-A71B-47989A477071}.Release|Any CPU.Build.0 = Release|Any CPU
		{4E8C5134-9DCE-4D2F-A71B-47989A477071}.Release|ARM.ActiveCfg = Release|Any CPU
		{4E8C5134-9DCE-4D2F-A71B-47989A477071}.Release|ARM.Build.0 = Release|Any CPU
		{4E8C5134-9DCE-4D2F-A71B-47989A477071}.Release|iPhone.ActiveCfg = Release|Any CPU
		{4E8C5134-9DCE-4D2F-A71B-47989A477071}.Release|iPhone.Build.0 = Release|Any CPU
		{4E8C5134-9DCE-4D2F-A71B-47989A477071}.Release|iPhoneSimulator.ActiveCfg = Release|Any CPU
		{4E8C5134-9DCE-4D2F-A71B-47989A477071}.Release|iPhoneSimulator.Build.0 = Release|Any CPU
		{4E8C5134-9DCE-4D2F-A71B-47989A477071}.Release|x64.ActiveCfg = Release|Any CPU
		{4E8C5134-9DCE-4D2F-A71B-47989A477071}.Release|x64.Build.0 = Release|Any CPU
		{4E8C5134-9DCE-4D2F-A71B-47989A477071}.Release|x86.ActiveCfg = Release|Any CPU
		{4E8C5134-9DCE-4D2F-A71B-47989A477071}.Release|x86.Build.0 = Release|Any CPU
	EndGlobalSection
	GlobalSection(SolutionProperties) = preSolution
		HideSolutionNode = FALSE
	EndGlobalSection
EndGlobal
